# This file is autogenerated, do not edit; changes may be undone by the next 'dep ensure'.


[[projects]]
  name = "github.com/BurntSushi/toml"
  packages = ["."]
  revision = "b26d9c308763d68093482582cea63d69be07a0f0"
  version = "v0.3.0"

[[projects]]
  branch = "master"
  name = "golang.org/x/net"
  packages = [
    "html",
    "html/atom"
  ]
  revision = "8d16fa6dc9a85c1cd3ed24ad08ff21cf94f10888"

[solve-meta]
  analyzer-name = "dep"
  analyzer-version = 1
  inputs-digest = "92f93d714bb739501bc874ae42ceb89b2073b26aaec3162d2879a7acca20d7bc"
  solver-name = "gps-cdcl"
  solver-version = 1
